
Microsoft Visual Studio Solution File, Format Version 12.00
# Visual Studio Version 17
VisualStudioVersion = 17.9.34622.214
MinimumVisualStudioVersion = 10.0.40219.1
Project("{FAE04EC0-301F-11D3-BF4B-00C04F79EFBC}") = "ERP_user_management_sys", "ERP_user_management_sys.csproj", "{CBE7D1E8-E7C7-40E7-98F6-FD8FC7E99954}"
EndProject
Global
	GlobalSection(SolutionConfigurationPlatforms) = preSolution
		Debug|Any CPU = Debug|Any CPU
		Release|Any CPU = Release|Any CPU
	EndGlobalSection
	GlobalSection(ProjectConfigurationPlatforms) = postSolution
		{CBE7D1E8-E7C7-40E7-98F6-FD8FC7E99954}.Debug|Any CPU.ActiveCfg = Debug|Any CPU
		{CBE7D1E8-E7C7-40E7-98F6-FD8FC7E99954}.Debug|Any CPU.Build.0 = Debug|Any CPU
		{CBE7D1E8-E7C7-40E7-98F6-FD8FC7E99954}.Release|Any CPU.ActiveCfg = Release|Any CPU
		{CBE7D1E8-E7C7-40E7-98F6-FD8FC7E99954}.Release|Any CPU.Build.0 = Release|Any CPU
	EndGlobalSection
	GlobalSection(SolutionProperties) = preSolution
		HideSolutionNode = FALSE
	EndGlobalSection
	GlobalSection(ExtensibilityGlobals) = postSolution
		SolutionGuid = {21710F54-3261-4810-B1AB-A8A179126506}
	EndGlobalSection
EndGlobal
